// !$*UTF8*$!
{
	archiveVersion = 1;
	classes = {
	};
	objectVersion = 46;
	objects = {

/* Begin PBXBuildFile section */
		D63A8E9E1946B35A00F879E4 /* numberPadLeftMiddle.png in Resources */ = {isa = PBXBuildFile; fileRef = D63A8E9D1946B35A00F879E4 /* numberPadLeftMiddle.png */; };
		D63A8EA01946B60E00F879E4 /* numberPadLeft.png in Resources */ = {isa = PBXBuildFile; fileRef = D63A8E9F1946B60E00F879E4 /* numberPadLeft.png */; };
		D63A8EA21946B72B00F879E4 /* numberPadLeftMiddle 1.0.png in Resources */ = {isa = PBXBuildFile; fileRef = D63A8EA11946B72B00F879E4 /* numberPadLeftMiddle 1.0.png */; };
		D63A8EA41946B73B00F879E4 /* numberPadRight.png in Resources */ = {isa = PBXBuildFile; fileRef = D63A8EA31946B73B00F879E4 /* numberPadRight.png */; };
		D63A8EA61946B74600F879E4 /* numberPadRightMiddle.png in Resources */ = {isa = PBXBuildFile; fileRef = D63A8EA51946B74600F879E4 /* numberPadRightMiddle.png */; };
		D63A8EA81946B7CC00F879E4 /* numberPadTopMiddle.png in Resources */ = {isa = PBXBuildFile; fileRef = D63A8EA71946B7CC00F879E4 /* numberPadTopMiddle.png */; };
		D63A8EAC1946BAA500F879E4 /* numberPadReset.png in Resources */ = {isa = PBXBuildFile; fileRef = D63A8EAB1946BAA500F879E4 /* numberPadReset.png */; };
		D63A8EAE1946BC5A00F879E4 /* numberPadNext.png in Resources */ = {isa = PBXBuildFile; fileRef = D63A8EAD1946BC5A00F879E4 /* numberPadNext.png */; };
		D63A8EB01946BE3700F879E4 /* numberPadBlank.png in Resources */ = {isa = PBXBuildFile; fileRef = D63A8EAF1946BE3700F879E4 /* numberPadBlank.png */; };
		D63A8EB21946C49500F879E4 /* numberPadLeftTop.png in Resources */ = {isa = PBXBuildFile; fileRef = D63A8EB11946C49500F879E4 /* numberPadLeftTop.png */; };
		D63A8EB41946C4A900F879E4 /* numberPadTopMiddle 2.0.png in Resources */ = {isa = PBXBuildFile; fileRef = D63A8EB31946C4A900F879E4 /* numberPadTopMiddle 2.0.png */; };
		D63A8EB61946C4FF00F879E4 /* numberPadTopRight.png in Resources */ = {isa = PBXBuildFile; fileRef = D63A8EB51946C4FF00F879E4 /* numberPadTopRight.png */; };
		D63A8EBC1946C9A700F879E4 /* Background Gradient 5.0.png in Resources */ = {isa = PBXBuildFile; fileRef = D63A8EBB1946C9A700F879E4 /* Background Gradient 5.0.png */; };
		D63A8EBE1946D22F00F879E4 /* numberPadZero.png in Resources */ = {isa = PBXBuildFile; fileRef = D63A8EBD1946D22F00F879E4 /* numberPadZero.png */; };
		D63A8EC01946D28500F879E4 /* Dollar Sign Background Gradient 3.2.png in Resources */ = {isa = PBXBuildFile; fileRef = D63A8EBF1946D28500F879E4 /* Dollar Sign Background Gradient 3.2.png */; };
		D63A8EC21946D52D00F879E4 /* FDNumberPad.xib in Resources */ = {isa = PBXBuildFile; fileRef = D63A8EC11946D52D00F879E4 /* FDNumberPad.xib */; };
		D65FF8AC1912FA5D005CC2FC /* FDNumberPad.m in Sources */ = {isa = PBXBuildFile; fileRef = D65FF8AA1912FA5D005CC2FC /* FDNumberPad.m */; };
		D65FF8AF191403C1005CC2FC /* iAd.framework in Frameworks */ = {isa = PBXBuildFile; fileRef = D65FF8AE191403C1005CC2FC /* iAd.framework */; };
		D6C3BE4B1912DA0000B27501 /* Foundation.framework in Frameworks */ = {isa = PBXBuildFile; fileRef = D6C3BE4A1912DA0000B27501 /* Foundation.framework */; };
		D6C3BE4D1912DA0000B27501 /* CoreGraphics.framework in Frameworks */ = {isa = PBXBuildFile; fileRef = D6C3BE4C1912DA0000B27501 /* CoreGraphics.framework */; };
		D6C3BE4F1912DA0000B27501 /* UIKit.framework in Frameworks */ = {isa = PBXBuildFile; fileRef = D6C3BE4E1912DA0000B27501 /* UIKit.framework */; };
		D6C3BE551912DA0000B27501 /* InfoPlist.strings in Resources */ = {isa = PBXBuildFile; fileRef = D6C3BE531912DA0000B27501 /* InfoPlist.strings */; };
		D6C3BE571912DA0000B27501 /* main.m in Sources */ = {isa = PBXBuildFile; fileRef = D6C3BE561912DA0000B27501 /* main.m */; };
		D6C3BE5B1912DA0000B27501 /* FDAppDelegate.m in Sources */ = {isa = PBXBuildFile; fileRef = D6C3BE5A1912DA0000B27501 /* FDAppDelegate.m */; };
		D6C3BE5E1912DA0000B27501 /* Main.storyboard in Resources */ = {isa = PBXBuildFile; fileRef = D6C3BE5C1912DA0000B27501 /* Main.storyboard */; };
		D6C3BE611912DA0000B27501 /* FDViewController.m in Sources */ = {isa = PBXBuildFile; fileRef = D6C3BE601912DA0000B27501 /* FDViewController.m */; };
		D6C3BE631912DA0000B27501 /* Images.xcassets in Resources */ = {isa = PBXBuildFile; fileRef = D6C3BE621912DA0000B27501 /* Images.xcassets */; };
		D6C3BE6A1912DA0000B27501 /* XCTest.framework in Frameworks */ = {isa = PBXBuildFile; fileRef = D6C3BE691912DA0000B27501 /* XCTest.framework */; };
		D6C3BE6B1912DA0000B27501 /* Foundation.framework in Frameworks */ = {isa = PBXBuildFile; fileRef = D6C3BE4A1912DA0000B27501 /* Foundation.framework */; };
		D6C3BE6C1912DA0000B27501 /* UIKit.framework in Frameworks */ = {isa = PBXBuildFile; fileRef = D6C3BE4E1912DA0000B27501 /* UIKit.framework */; };
		D6C3BE741912DA0000B27501 /* InfoPlist.strings in Resources */ = {isa = PBXBuildFile; fileRef = D6C3BE721912DA0000B27501 /* InfoPlist.strings */; };
		D6C3BE761912DA0000B27501 /* CashCounterHDTests.m in Sources */ = {isa = PBXBuildFile; fileRef = D6C3BE751912DA0000B27501 /* CashCounterHDTests.m */; };
/* End PBXBuildFile section */

/* Begin PBXContainerItemProxy section */
		D6C3BE6D1912DA0000B27501 /* PBXContainerItemProxy */ = {
			isa = PBXContainerItemProxy;
			containerPortal = D6C3BE3F1912DA0000B27501 /* Project object */;
			proxyType = 1;
			remoteGlobalIDString = D6C3BE461912DA0000B27501;
			remoteInfo = CashCounterHD;
		};
/* End PBXContainerItemProxy section */

/* Begin PBXFileReference section */
		D63A8E9D1946B35A00F879E4 /* numberPadLeftMiddle.png */ = {isa = PBXFileReference; lastKnownFileType = image.png; path = numberPadLeftMiddle.png; sourceTree = "<group>"; };
		D63A8E9F1946B60E00F879E4 /* numberPadLeft.png */ = {isa = PBXFileReference; lastKnownFileType = image.png; path = numberPadLeft.png; sourceTree = "<group>"; };
		D63A8EA11946B72B00F879E4 /* numberPadLeftMiddle 1.0.png */ = {isa = PBXFileReference; lastKnownFileType = image.png; path = "numberPadLeftMiddle 1.0.png"; sourceTree = "<group>"; };
		D63A8EA31946B73B00F879E4 /* numberPadRight.png */ = {isa = PBXFileReference; lastKnownFileType = image.png; path = numberPadRight.png; sourceTree = "<group>"; };
		D63A8EA51946B74600F879E4 /* numberPadRightMiddle.png */ = {isa = PBXFileReference; lastKnownFileType = image.png; path = numberPadRightMiddle.png; sourceTree = "<group>"; };
		D63A8EA71946B7CC00F879E4 /* numberPadTopMiddle.png */ = {isa = PBXFileReference; lastKnownFileType = image.png; path = numberPadTopMiddle.png; sourceTree = "<group>"; };
		D63A8EAB1946BAA500F879E4 /* numberPadReset.png */ = {isa = PBXFileReference; lastKnownFileType = image.png; path = numberPadReset.png; sourceTree = "<group>"; };
		D63A8EAD1946BC5A00F879E4 /* numberPadNext.png */ = {isa = PBXFileReference; lastKnownFileType = image.png; path = numberPadNext.png; sourceTree = "<group>"; };
		D63A8EAF1946BE3700F879E4 /* numberPadBlank.png */ = {isa = PBXFileReference; lastKnownFileType = image.png; path = numberPadBlank.png; sourceTree = "<group>"; };
		D63A8EB11946C49500F879E4 /* numberPadLeftTop.png */ = {isa = PBXFileReference; lastKnownFileType = image.png; path = numberPadLeftTop.png; sourceTree = "<group>"; };
		D63A8EB31946C4A900F879E4 /* numberPadTopMiddle 2.0.png */ = {isa = PBXFileReference; lastKnownFileType = image.png; path = "numberPadTopMiddle 2.0.png"; sourceTree = "<group>"; };
		D63A8EB51946C4FF00F879E4 /* numberPadTopRight.png */ = {isa = PBXFileReference; lastKnownFileType = image.png; path = numberPadTopRight.png; sourceTree = "<group>"; };
		D63A8EBB1946C9A700F879E4 /* Background Gradient 5.0.png */ = {isa = PBXFileReference; lastKnownFileType = image.png; path = "Background Gradient 5.0.png"; sourceTree = "<group>"; };
		D63A8EBD1946D22F00F879E4 /* numberPadZero.png */ = {isa = PBXFileReference; lastKnownFileType = image.png; path = numberPadZero.png; sourceTree = "<group>"; };
		D63A8EBF1946D28500F879E4 /* Dollar Sign Background Gradient 3.2.png */ = {isa = PBXFileReference; lastKnownFileType = image.png; path = "Dollar Sign Background Gradient 3.2.png"; sourceTree = "<group>"; };
		D63A8EC11946D52D00F879E4 /* FDNumberPad.xib */ = {isa = PBXFileReference; fileEncoding = 4; lastKnownFileType = file.xib; path = FDNumberPad.xib; sourceTree = "<group>"; };
		D65FF8A91912FA5D005CC2FC /* FDNumberPad.h */ = {isa = PBXFileReference; fileEncoding = 4; lastKnownFileType = sourcecode.c.h; path = FDNumberPad.h; sourceTree = "<group>"; };
		D65FF8AA1912FA5D005CC2FC /* FDNumberPad.m */ = {isa = PBXFileReference; fileEncoding = 4; lastKnownFileType = sourcecode.c.objc; path = FDNumberPad.m; sourceTree = "<group>"; };
		D65FF8AE191403C1005CC2FC /* iAd.framework */ = {isa = PBXFileReference; lastKnownFileType = wrapper.framework; name = iAd.framework; path = System/Library/Frameworks/iAd.framework; sourceTree = SDKROOT; };
		D6C3BE471912DA0000B27501 /* CashCounterHD.app */ = {isa = PBXFileReference; explicitFileType = wrapper.application; includeInIndex = 0; path = CashCounterHD.app; sourceTree = BUILT_PRODUCTS_DIR; };
		D6C3BE4A1912DA0000B27501 /* Foundation.framework */ = {isa = PBXFileReference; lastKnownFileType = wrapper.framework; name = Foundation.framework; path = System/Library/Frameworks/Foundation.framework; sourceTree = SDKROOT; };
		D6C3BE4C1912DA0000B27501 /* CoreGraphics.framework */ = {isa = PBXFileReference; lastKnownFileType = wrapper.framework; name = CoreGraphics.framework; path = System/Library/Frameworks/CoreGraphics.framework; sourceTree = SDKROOT; };
		D6C3BE4E1912DA0000B27501 /* UIKit.framework */ = {isa = PBXFileReference; lastKnownFileType = wrapper.framework; name = UIKit.framework; path = System/Library/Frameworks/UIKit.framework; sourceTree = SDKROOT; };
		D6C3BE521912DA0000B27501 /* CashCounterHD-Info.plist */ = {isa = PBXFileReference; lastKnownFileType = text.plist.xml; path = "CashCounterHD-Info.plist"; sourceTree = "<group>"; };
		D6C3BE541912DA0000B27501 /* en */ = {isa = PBXFileReference; lastKnownFileType = text.plist.strings; name = en; path = en.lproj/InfoPlist.strings; sourceTree = "<group>"; };
		D6C3BE561912DA0000B27501 /* main.m */ = {isa = PBXFileReference; lastKnownFileType = sourcecode.c.objc; path = main.m; sourceTree = "<group>"; };
		D6C3BE581912DA0000B27501 /* CashCounterHD-Prefix.pch */ = {isa = PBXFileReference; lastKnownFileType = sourcecode.c.h; path = "CashCounterHD-Prefix.pch"; sourceTree = "<group>"; };
		D6C3BE591912DA0000B27501 /* FDAppDelegate.h */ = {isa = PBXFileReference; lastKnownFileType = sourcecode.c.h; path = FDAppDelegate.h; sourceTree = "<group>"; };
		D6C3BE5A1912DA0000B27501 /* FDAppDelegate.m */ = {isa = PBXFileReference; lastKnownFileType = sourcecode.c.objc; path = FDAppDelegate.m; sourceTree = "<group>"; };
		D6C3BE5D1912DA0000B27501 /* Base */ = {isa = PBXFileReference; lastKnownFileType = file.storyboard; name = Base; path = Base.lproj/Main.storyboard; sourceTree = "<group>"; };
		D6C3BE5F1912DA0000B27501 /* FDViewController.h */ = {isa = PBXFileReference; lastKnownFileType = sourcecode.c.h; path = FDViewController.h; sourceTree = "<group>"; };
		D6C3BE601912DA0000B27501 /* FDViewController.m */ = {isa = PBXFileReference; lastKnownFileType = sourcecode.c.objc; path = FDViewController.m; sourceTree = "<group>"; };
		D6C3BE621912DA0000B27501 /* Images.xcassets */ = {isa = PBXFileReference; lastKnownFileType = folder.assetcatalog; path = Images.xcassets; sourceTree = "<group>"; };
		D6C3BE681912DA0000B27501 /* CashCounterHDTests.xctest */ = {isa = PBXFileReference; explicitFileType = wrapper.cfbundle; includeInIndex = 0; path = CashCounterHDTests.xctest; sourceTree = BUILT_PRODUCTS_DIR; };
		D6C3BE691912DA0000B27501 /* XCTest.framework */ = {isa = PBXFileReference; lastKnownFileType = wrapper.framework; name = XCTest.framework; path = Library/Frameworks/XCTest.framework; sourceTree = DEVELOPER_DIR; };
		D6C3BE711912DA0000B27501 /* CashCounterHDTests-Info.plist */ = {isa = PBXFileReference; lastKnownFileType = text.plist.xml; path = "CashCounterHDTests-Info.plist"; sourceTree = "<group>"; };
		D6C3BE731912DA0000B27501 /* en */ = {isa = PBXFileReference; lastKnownFileType = text.plist.strings; name = en; path = en.lproj/InfoPlist.strings; sourceTree = "<group>"; };
		D6C3BE751912DA0000B27501 /* CashCounterHDTests.m */ = {isa = PBXFileReference; lastKnownFileType = sourcecode.c.objc; path = CashCounterHDTests.m; sourceTree = "<group>"; };
/* End PBXFileReference section */

/* Begin PBXFrameworksBuildPhase section */
		D6C3BE441912DA0000B27501 /* Frameworks */ = {
			isa = PBXFrameworksBuildPhase;
			buildActionMask = 2147483647;
			files = (
				D65FF8AF191403C1005CC2FC /* iAd.framework in Frameworks */,
				D6C3BE4D1912DA0000B27501 /* CoreGraphics.framework in Frameworks */,
				D6C3BE4F1912DA0000B27501 /* UIKit.framework in Frameworks */,
				D6C3BE4B1912DA0000B27501 /* Foundation.framework in Frameworks */,
			);
			runOnlyForDeploymentPostprocessing = 0;
		};
		D6C3BE651912DA0000B27501 /* Frameworks */ = {
			isa = PBXFrameworksBuildPhase;
			buildActionMask = 2147483647;
			files = (
				D6C3BE6A1912DA0000B27501 /* XCTest.framework in Frameworks */,
				D6C3BE6C1912DA0000B27501 /* UIKit.framework in Frameworks */,
				D6C3BE6B1912DA0000B27501 /* Foundation.framework in Frameworks */,
			);
			runOnlyForDeploymentPostprocessing = 0;
		};
/* End PBXFrameworksBuildPhase section */

/* Begin PBXGroup section */
		D6C3BE3E1912DA0000B27501 = {
			isa = PBXGroup;
			children = (
				D6C3BE501912DA0000B27501 /* CashCounterHD */,
				D6C3BE6F1912DA0000B27501 /* CashCounterHDTests */,
				D6C3BE491912DA0000B27501 /* Frameworks */,
				D6C3BE481912DA0000B27501 /* Products */,
			);
			sourceTree = "<group>";
		};
		D6C3BE481912DA0000B27501 /* Products */ = {
			isa = PBXGroup;
			children = (
				D6C3BE471912DA0000B27501 /* CashCounterHD.app */,
				D6C3BE681912DA0000B27501 /* CashCounterHDTests.xctest */,
			);
			name = Products;
			sourceTree = "<group>";
		};
		D6C3BE491912DA0000B27501 /* Frameworks */ = {
			isa = PBXGroup;
			children = (
				D65FF8AE191403C1005CC2FC /* iAd.framework */,
				D6C3BE4A1912DA0000B27501 /* Foundation.framework */,
				D6C3BE4C1912DA0000B27501 /* CoreGraphics.framework */,
				D6C3BE4E1912DA0000B27501 /* UIKit.framework */,
				D6C3BE691912DA0000B27501 /* XCTest.framework */,
			);
			name = Frameworks;
			sourceTree = "<group>";
		};
		D6C3BE501912DA0000B27501 /* CashCounterHD */ = {
			isa = PBXGroup;
			children = (
				D6C3BE591912DA0000B27501 /* FDAppDelegate.h */,
				D6C3BE5A1912DA0000B27501 /* FDAppDelegate.m */,
				D6C3BE5C1912DA0000B27501 /* Main.storyboard */,
				D6C3BE5F1912DA0000B27501 /* FDViewController.h */,
				D6C3BE601912DA0000B27501 /* FDViewController.m */,
				D65FF8A91912FA5D005CC2FC /* FDNumberPad.h */,
				D65FF8AA1912FA5D005CC2FC /* FDNumberPad.m */,
				D63A8EC11946D52D00F879E4 /* FDNumberPad.xib */,
				D6C3BE621912DA0000B27501 /* Images.xcassets */,
				D6C3BE511912DA0000B27501 /* Supporting Files */,
			);
			path = CashCounterHD;
			sourceTree = "<group>";
		};
		D6C3BE511912DA0000B27501 /* Supporting Files */ = {
			isa = PBXGroup;
			children = (
				D63A8EAF1946BE3700F879E4 /* numberPadBlank.png */,
				D63A8EA71946B7CC00F879E4 /* numberPadTopMiddle.png */,
				D63A8EB11946C49500F879E4 /* numberPadLeftTop.png */,
				D63A8EBD1946D22F00F879E4 /* numberPadZero.png */,
				D63A8EB31946C4A900F879E4 /* numberPadTopMiddle 2.0.png */,
				D63A8EAD1946BC5A00F879E4 /* numberPadNext.png */,
				D63A8EA51946B74600F879E4 /* numberPadRightMiddle.png */,
				D63A8EB51946C4FF00F879E4 /* numberPadTopRight.png */,
				D63A8EAB1946BAA500F879E4 /* numberPadReset.png */,
				D63A8EBF1946D28500F879E4 /* Dollar Sign Background Gradient 3.2.png */,
				D63A8EA31946B73B00F879E4 /* numberPadRight.png */,
				D63A8EBB1946C9A700F879E4 /* Background Gradient 5.0.png */,
				D63A8EA11946B72B00F879E4 /* numberPadLeftMiddle 1.0.png */,
				D63A8E9F1946B60E00F879E4 /* numberPadLeft.png */,
				D63A8E9D1946B35A00F879E4 /* numberPadLeftMiddle.png */,
				D6C3BE521912DA0000B27501 /* CashCounterHD-Info.plist */,
				D6C3BE531912DA0000B27501 /* InfoPlist.strings */,
				D6C3BE561912DA0000B27501 /* main.m */,
				D6C3BE581912DA0000B27501 /* CashCounterHD-Prefix.pch */,
			);
			name = "Supporting Files";
			sourceTree = "<group>";
		};
		D6C3BE6F1912DA0000B27501 /* CashCounterHDTests */ = {
			isa = PBXGroup;
			children = (
				D6C3BE751912DA0000B27501 /* CashCounterHDTests.m */,
				D6C3BE701912DA0000B27501 /* Supporting Files */,
			);
			path = CashCounterHDTests;
			sourceTree = "<group>";
		};
		D6C3BE701912DA0000B27501 /* Supporting Files */ = {
			isa = PBXGroup;
			children = (
				D6C3BE711912DA0000B27501 /* CashCounterHDTests-Info.plist */,
				D6C3BE721912DA0000B27501 /* InfoPlist.strings */,
			);
			name = "Supporting Files";
			sourceTree = "<group>";
		};
/* End PBXGroup section */

/* Begin PBXNativeTarget section */
		D6C3BE461912DA0000B27501 /* CashCounterHD */ = {
			isa = PBXNativeTarget;
			buildConfigurationList = D6C3BE791912DA0000B27501 /* Build configuration list for PBXNativeTarget "CashCounterHD" */;
			buildPhases = (
				D6C3BE431912DA0000B27501 /* Sources */,
				D6C3BE441912DA0000B27501 /* Frameworks */,
				D6C3BE451912DA0000B27501 /* Resources */,
			);
			buildRules = (
			);
			dependencies = (
			);
			name = CashCounterHD;
			productName = CashCounterHD;
			productReference = D6C3BE471912DA0000B27501 /* CashCounterHD.app */;
			productType = "com.apple.product-type.application";
		};
		D6C3BE671912DA0000B27501 /* CashCounterHDTests */ = {
			isa = PBXNativeTarget;
			buildConfigurationList = D6C3BE7C1912DA0000B27501 /* Build configuration list for PBXNativeTarget "CashCounterHDTests" */;
			buildPhases = (
				D6C3BE641912DA0000B27501 /* Sources */,
				D6C3BE651912DA0000B27501 /* Frameworks */,
				D6C3BE661912DA0000B27501 /* Resources */,
			);
			buildRules = (
			);
			dependencies = (
				D6C3BE6E1912DA0000B27501 /* PBXTargetDependency */,
			);
			name = CashCounterHDTests;
			productName = CashCounterHDTests;
			productReference = D6C3BE681912DA0000B27501 /* CashCounterHDTests.xctest */;
			productType = "com.apple.product-type.bundle.unit-test";
		};
/* End PBXNativeTarget section */

/* Begin PBXProject section */
		D6C3BE3F1912DA0000B27501 /* Project object */ = {
			isa = PBXProject;
			attributes = {
				CLASSPREFIX = FD;
				LastUpgradeCheck = 0510;
				ORGANIZATIONNAME = Fairbanksdan;
				TargetAttributes = {
					D6C3BE671912DA0000B27501 = {
						TestTargetID = D6C3BE461912DA0000B27501;
					};
				};
			};
			buildConfigurationList = D6C3BE421912DA0000B27501 /* Build configuration list for PBXProject "CashCounterHD" */;
			compatibilityVersion = "Xcode 3.2";
			developmentRegion = English;
			hasScannedForEncodings = 0;
			knownRegions = (
				en,
				Base,
			);
			mainGroup = D6C3BE3E1912DA0000B27501;
			productRefGroup = D6C3BE481912DA0000B27501 /* Products */;
			projectDirPath = "";
			projectRoot = "";
			targets = (
				D6C3BE461912DA0000B27501 /* CashCounterHD */,
				D6C3BE671912DA0000B27501 /* CashCounterHDTests */,
			);
		};
/* End PBXProject section */

/* Begin PBXResourcesBuildPhase section */
		D6C3BE451912DA0000B27501 /* Resources */ = {
			isa = PBXResourcesBuildPhase;
			buildActionMask = 2147483647;
			files = (
				D6C3BE631912DA0000B27501 /* Images.xcassets in Resources */,
				D6C3BE551912DA0000B27501 /* InfoPlist.strings in Resources */,
				D63A8EA81946B7CC00F879E4 /* numberPadTopMiddle.png in Resources */,
				D63A8EBC1946C9A700F879E4 /* Background Gradient 5.0.png in Resources */,
				D63A8EB21946C49500F879E4 /* numberPadLeftTop.png in Resources */,
				D63A8EA01946B60E00F879E4 /* numberPadLeft.png in Resources */,
				D63A8E9E1946B35A00F879E4 /* numberPadLeftMiddle.png in Resources */,
				D63A8EC21946D52D00F879E4 /* FDNumberPad.xib in Resources */,
				D63A8EA61946B74600F879E4 /* numberPadRightMiddle.png in Resources */,
				D63A8EC01946D28500F879E4 /* Dollar Sign Background Gradient 3.2.png in Resources */,
				D63A8EAE1946BC5A00F879E4 /* numberPadNext.png in Resources */,
				D63A8EB41946C4A900F879E4 /* numberPadTopMiddle 2.0.png in Resources */,
				D63A8EA21946B72B00F879E4 /* numberPadLeftMiddle 1.0.png in Resources */,
				D63A8EB01946BE3700F879E4 /* numberPadBlank.png in Resources */,
				D63A8EBE1946D22F00F879E4 /* numberPadZero.png in Resources */,
				D63A8EB61946C4FF00F879E4 /* numberPadTopRight.png in Resources */,
				D6C3BE5E1912DA0000B27501 /* Main.storyboard in Resources */,
				D63A8EA41946B73B00F879E4 /* numberPadRight.png in Resources */,
				D63A8EAC1946BAA500F879E4 /* numberPadReset.png in Resources */,
			);
			runOnlyForDeploymentPostprocessing = 0;
		};
		D6C3BE661912DA0000B27501 /* Resources */ = {
			isa = PBXResourcesBuildPhase;
			buildActionMask = 2147483647;
			files = (
				D6C3BE741912DA0000B27501 /* InfoPlist.strings in Resources */,
			);
			runOnlyForDeploymentPostprocessing = 0;
		};
/* End PBXResourcesBuildPhase section */

/* Begin PBXSourcesBuildPhase section */
		D6C3BE431912DA0000B27501 /* Sources */ = {
			isa = PBXSourcesBuildPhase;
			buildActionMask = 2147483647;
			files = (
				D65FF8AC1912FA5D005CC2FC /* FDNumberPad.m in Sources */,
				D6C3BE5B1912DA0000B27501 /* FDAppDelegate.m in Sources */,
				D6C3BE571912DA0000B27501 /* main.m in Sources */,
				D6C3BE611912DA0000B27501 /* FDViewController.m in Sources */,
			);
			runOnlyForDeploymentPostprocessing = 0;
		};
		D6C3BE641912DA0000B27501 /* Sources */ = {
			isa = PBXSourcesBuildPhase;
			buildActionMask = 2147483647;
			files = (
				D6C3BE761912DA0000B27501 /* CashCounterHDTests.m in Sources */,
			);
			runOnlyForDeploymentPostprocessing = 0;
		};
/* End PBXSourcesBuildPhase section */

/* Begin PBXTargetDependency section */
		D6C3BE6E1912DA0000B27501 /* PBXTargetDependency */ = {
			isa = PBXTargetDependency;
			target = D6C3BE461912DA0000B27501 /* CashCounterHD */;
			targetProxy = D6C3BE6D1912DA0000B27501 /* PBXContainerItemProxy */;
		};
/* End PBXTargetDependency section */

/* Begin PBXVariantGroup section */
		D6C3BE531912DA0000B27501 /* InfoPlist.strings */ = {
			isa = PBXVariantGroup;
			children = (
				D6C3BE541912DA0000B27501 /* en */,
			);
			name = InfoPlist.strings;
			sourceTree = "<group>";
		};
		D6C3BE5C1912DA0000B27501 /* Main.storyboard */ = {
			isa = PBXVariantGroup;
			children = (
				D6C3BE5D1912DA0000B27501 /* Base */,
			);
			name = Main.storyboard;
			sourceTree = "<group>";
		};
		D6C3BE721912DA0000B27501 /* InfoPlist.strings */ = {
			isa = PBXVariantGroup;
			children = (
				D6C3BE731912DA0000B27501 /* en */,
			);
			name = InfoPlist.strings;
			sourceTree = "<group>";
		};
/* End PBXVariantGroup section */

/* Begin XCBuildConfiguration section */
		D6C3BE771912DA0000B27501 /* Debug */ = {
			isa = XCBuildConfiguration;
			buildSettings = {
				ALWAYS_SEARCH_USER_PATHS = NO;
				CLANG_CXX_LANGUAGE_STANDARD = "gnu++0x";
				CLANG_CXX_LIBRARY = "libc++";
				CLANG_ENABLE_MODULES = YES;
				CLANG_ENABLE_OBJC_ARC = YES;
				CLANG_WARN_BOOL_CONVERSION = YES;
				CLANG_WARN_CONSTANT_CONVERSION = YES;
				CLANG_WARN_DIRECT_OBJC_ISA_USAGE = YES_ERROR;
				CLANG_WARN_EMPTY_BODY = YES;
				CLANG_WARN_ENUM_CONVERSION = YES;
				CLANG_WARN_INT_CONVERSION = YES;
				CLANG_WARN_OBJC_ROOT_CLASS = YES_ERROR;
				CLANG_WARN__DUPLICATE_METHOD_MATCH = YES;
				"CODE_SIGN_IDENTITY[sdk=iphoneos*]" = "iPhone Developer";
				COPY_PHASE_STRIP = NO;
				GCC_C_LANGUAGE_STANDARD = gnu99;
				GCC_DYNAMIC_NO_PIC = NO;
				GCC_OPTIMIZATION_LEVEL = 0;
				GCC_PREPROCESSOR_DEFINITIONS = (
					"DEBUG=1",
					"$(inherited)",
				);
				GCC_SYMBOLS_PRIVATE_EXTERN = NO;
				GCC_WARN_64_TO_32_BIT_CONVERSION = YES;
				GCC_WARN_ABOUT_RETURN_TYPE = YES_ERROR;
				GCC_WARN_UNDECLARED_SELECTOR = YES;
				GCC_WARN_UNINITIALIZED_AUTOS = YES_AGGRESSIVE;
				GCC_WARN_UNUSED_FUNCTION = YES;
				GCC_WARN_UNUSED_VARIABLE = YES;
				IPHONEOS_DEPLOYMENT_TARGET = 7.0;
				ONLY_ACTIVE_ARCH = YES;
				SDKROOT = iphoneos;
				TARGETED_DEVICE_FAMILY = 2;
			};
			name = Debug;
		};
		D6C3BE781912DA0000B27501 /* Release */ = {
			isa = XCBuildConfiguration;
			buildSettings = {
				ALWAYS_SEARCH_USER_PATHS = NO;
				CLANG_CXX_LANGUAGE_STANDARD = "gnu++0x";
				CLANG_CXX_LIBRARY = "libc++";
				CLANG_ENABLE_MODULES = YES;
				CLANG_ENABLE_OBJC_ARC = YES;
				CLANG_WARN_BOOL_CONVERSION = YES;
				CLANG_WARN_CONSTANT_CONVERSION = YES;
				CLANG_WARN_DIRECT_OBJC_ISA_USAGE = YES_ERROR;
				CLANG_WARN_EMPTY_BODY = YES;
				CLANG_WARN_ENUM_CONVERSION = YES;
				CLANG_WARN_INT_CONVERSION = YES;
				CLANG_WARN_OBJC_ROOT_CLASS = YES_ERROR;
				CLANG_WARN__DUPLICATE_METHOD_MATCH = YES;
				"CODE_SIGN_IDENTITY[sdk=iphoneos*]" = "iPhone Developer";
				COPY_PHASE_STRIP = YES;
				ENABLE_NS_ASSERTIONS = NO;
				GCC_C_LANGUAGE_STANDARD = gnu99;
				GCC_WARN_64_TO_32_BIT_CONVERSION = YES;
				GCC_WARN_ABOUT_RETURN_TYPE = YES_ERROR;
				GCC_WARN_UNDECLARED_SELECTOR = YES;
				GCC_WARN_UNINITIALIZED_AUTOS = YES_AGGRESSIVE;
				GCC_WARN_UNUSED_FUNCTION = YES;
				GCC_WARN_UNUSED_VARIABLE = YES;
				IPHONEOS_DEPLOYMENT_TARGET = 7.0;
				SDKROOT = iphoneos;
				TARGETED_DEVICE_FAMILY = 2;
				VALIDATE_PRODUCT = YES;
			};
			name = Release;
		};
		D6C3BE7A1912DA0000B27501 /* Debug */ = {
			isa = XCBuildConfiguration;
			buildSettings = {
				ASSETCATALOG_COMPILER_APPICON_NAME = AppIcon;
				ASSETCATALOG_COMPILER_LAUNCHIMAGE_NAME = LaunchImage;
				GCC_PRECOMPILE_PREFIX_HEADER = YES;
				GCC_PREFIX_HEADER = "CashCounterHD/CashCounterHD-Prefix.pch";
				INFOPLIST_FILE = "CashCounterHD/CashCounterHD-Info.plist";
				PRODUCT_NAME = "$(TARGET_NAME)";
				WRAPPER_EXTENSION = app;
			};
			name = Debug;
		};
		D6C3BE7B1912DA0000B27501 /* Release */ = {
			isa = XCBuildConfiguration;
			buildSettings = {
				ASSETCATALOG_COMPILER_APPICON_NAME = AppIcon;
				ASSETCATALOG_COMPILER_LAUNCHIMAGE_NAME = LaunchImage;
				GCC_PRECOMPILE_PREFIX_HEADER = YES;
				GCC_PREFIX_HEADER = "CashCounterHD/CashCounterHD-Prefix.pch";
				INFOPLIST_FILE = "CashCounterHD/CashCounterHD-Info.plist";
				PRODUCT_NAME = "$(TARGET_NAME)";
				WRAPPER_EXTENSION = app;
			};
			name = Release;
		};
		D6C3BE7D1912DA0000B27501 /* Debug */ = {
			isa = XCBuildConfiguration;
			buildSettings = {
				BUNDLE_LOADER = "$(BUILT_PRODUCTS_DIR)/CashCounterHD.app/CashCounterHD";
				FRAMEWORK_SEARCH_PATHS = (
					"$(SDKROOT)/Developer/Library/Frameworks",
					"$(inherited)",
					"$(DEVELOPER_FRAMEWORKS_DIR)",
				);
				GCC_PRECOMPILE_PREFIX_HEADER = YES;
				GCC_PREFIX_HEADER = "CashCounterHD/CashCounterHD-Prefix.pch";
				GCC_PREPROCESSOR_DEFINITIONS = (
					"DEBUG=1",
					"$(inherited)",
				);
				INFOPLIST_FILE = "CashCounterHDTests/CashCounterHDTests-Info.plist";
				PRODUCT_NAME = "$(TARGET_NAME)";
				TEST_HOST = "$(BUNDLE_LOADER)";
				WRAPPER_EXTENSION = xctest;
			};
			name = Debug;
		};
		D6C3BE7E1912DA0000B27501 /* Release */ = {
			isa = XCBuildConfiguration;
			buildSettings = {
				BUNDLE_LOADER = "$(BUILT_PRODUCTS_DIR)/CashCounterHD.app/CashCounterHD";
				FRAMEWORK_SEARCH_PATHS = (
					"$(SDKROOT)/Developer/Library/Frameworks",
					"$(inherited)",
					"$(DEVELOPER_FRAMEWORKS_DIR)",
				);
				GCC_PRECOMPILE_PREFIX_HEADER = YES;
				GCC_PREFIX_HEADER = "CashCounterHD/CashCounterHD-Prefix.pch";
				INFOPLIST_FILE = "CashCounterHDTests/CashCounterHDTests-Info.plist";
				PRODUCT_NAME = "$(TARGET_NAME)";
				TEST_HOST = "$(BUNDLE_LOADER)";
				WRAPPER_EXTENSION = xctest;
			};
			name = Release;
		};
/* End XCBuildConfiguration section */

/* Begin XCConfigurationList section */
		D6C3BE421912DA0000B27501 /* Build configuration list for PBXProject "CashCounterHD" */ = {
			isa = XCConfigurationList;
			buildConfigurations = (
				D6C3BE771912DA0000B27501 /* Debug */,
				D6C3BE781912DA0000B27501 /* Release */,
			);
			defaultConfigurationIsVisible = 0;
			defaultConfigurationName = Release;
		};
		D6C3BE791912DA0000B27501 /* Build configuration list for PBXNativeTarget "CashCounterHD" */ = {
			isa = XCConfigurationList;
			buildConfigurations = (
				D6C3BE7A1912DA0000B27501 /* Debug */,
				D6C3BE7B1912DA0000B27501 /* Release */,
			);
			defaultConfigurationIsVisible = 0;
			defaultConfigurationName = Release;
		};
		D6C3BE7C1912DA0000B27501 /* Build configuration list for PBXNativeTarget "CashCounterHDTests" */ = {
			isa = XCConfigurationList;
			buildConfigurations = (
				D6C3BE7D1912DA0000B27501 /* Debug */,
				D6C3BE7E1912DA0000B27501 /* Release */,
			);
			defaultConfigurationIsVisible = 0;
			defaultConfigurationName = Release;
		};
/* End XCConfigurationList section */
	};
	rootObject = D6C3BE3F1912DA0000B27501 /* Project object */;
}
